<?xml version="1.0" encoding="utf-8"?>
<Project ToolsVersion="4.0" xmlns="http://schemas.microsoft.com/developer/msbuild/2003">
  <ItemGroup>
    <ClCompile Include="dllmain.cpp">
      <Filter>Main</Filter>
    </ClCompile>
    <ClCompile Include="TrInterface.cpp">
      <Filter>Main</Filter>
    </ClCompile>
    <ClCompile Include="..\Common\AlphaInc.cpp">
      <Filter>Common</Filter>
    </ClCompile>
    <ClCompile Include="..\Common\AlphaProtocolUni.cpp">
      <Filter>Common</Filter>
    </ClCompile>
    <ClCompile Include="..\Common\IRExcept.cpp">
      <Filter>Common</Filter>
    </ClCompile>
    <ClCompile Include="..\Common\IRUM_Common.cpp">
      <Filter>Common</Filter>
    </ClCompile>
    <ClCompile Include="..\Common\Log.cpp">
      <Filter>Common</Filter>
    </ClCompile>
    <ClCompile Include="..\Common\TcpClient.cpp">
      <Filter>Common</Filter>
    </ClCompile>
    <ClCompile Include="..\Common\Util.cpp">
      <Filter>Common</Filter>
    </ClCompile>
  </ItemGroup>
  <ItemGroup>
    <ClInclude Include="TrInterface.h">
      <Filter>Main</Filter>
    </ClInclude>
    <ClInclude Include="..\Common\AlphaInc.h">
      <Filter>Common</Filter>
    </ClInclude>
    <ClInclude Include="..\Common\AlphaProtocolUni.h">
      <Filter>Common</Filter>
    </ClInclude>
    <ClInclude Include="..\Common\IRExcept.h">
      <Filter>Common</Filter>
    </ClInclude>
    <ClInclude Include="..\Common\IRUM_Common.h">
      <Filter>Common</Filter>
    </ClInclude>
    <ClInclude Include="..\Common\Log.h">
      <Filter>Common</Filter>
    </ClInclude>
    <ClInclude Include="..\Common\TcpClient.h">
      <Filter>Common</Filter>
    </ClInclude>
    <ClInclude Include="..\Common\Util.h">
      <Filter>Common</Filter>
    </ClInclude>
  </ItemGroup>
  <ItemGroup>
    <Filter Include="Common">
      <UniqueIdentifier>{e1987646-9caa-4788-8909-cb27e0cdf03a}</UniqueIdentifier>
    </Filter>
    <Filter Include="Main">
      <UniqueIdentifier>{5a355921-30d1-45a7-bfb2-cc1741baa2cf}</UniqueIdentifier>
    </Filter>
  </ItemGroup>
  <ItemGroup>
    <Text Include="ReadMe.txt">
      <Filter>Main</Filter>
    </Text>
  </ItemGroup>
</Project>