
Microsoft Visual Studio Solution File, Format Version 12.00
# Visual Studio Version 16
VisualStudioVersion = 16.0.29411.108
MinimumVisualStudioVersion = 10.0.40219.1
Project("{8BC9CEB8-8B4A-11D0-8D11-00A0C91BC942}") = "AlphaRelay", "AlphaRelay\AlphaRelay.vcxproj", "{01FE1C51-B868-450F-9ED3-D44730CDC634}"
EndProject
Project("{8BC9CEB8-8B4A-11D0-8D11-00A0C91BC942}") = "AlphaTR", "AlphaTR\AlphaTR.vcxproj", "{8669554E-2C2C-4F59-A866-0C6495F04835}"
EndProject
Project("{8BC9CEB8-8B4A-11D0-8D11-00A0C91BC942}") = "AlphaUtils", "AlphaUtils\AlphaUtils.vcxproj", "{A8B7A0CE-B06F-48B9-ABE7-D3317438D3A8}"
EndProject
Project("{8BC9CEB8-8B4A-11D0-8D11-00A0C91BC942}") = "AlphaOMS", "AlphaOMS\AlphaOMS.vcxproj", "{F3E1E7D0-63C5-44C5-8C40-96791838DACA}"
EndProject
Project("{8BC9CEB8-8B4A-11D0-8D11-00A0C91BC942}") = "AlphaRelayEngine", "AlphaRelayEngine\AlphaRelayEngine.vcxproj", "{394A0F9F-7D34-4CC0-A50D-B293A190B1BB}"
EndProject
Project("{8BC9CEB8-8B4A-11D0-8D11-00A0C91BC942}") = "AlphaTrEngine", "AlphaTrEngine\AlphaTrEngine.vcxproj", "{D667DAA7-BACB-444F-BEE2-FF2D5DDB5BD0}"
EndProject
Project("{8BC9CEB8-8B4A-11D0-8D11-00A0C91BC942}") = "AlphaLogin", "AlphaLogin\AlphaLogin.vcxproj", "{942A3269-8E69-44C8-8348-77D4BE3B8B5A}"
EndProject
Project("{8BC9CEB8-8B4A-11D0-8D11-00A0C91BC942}") = "AlphaLoginEngine", "AlphaLoginEngine\AlphaLoginEngine.vcxproj", "{1103B1E7-81AB-4F5C-993C-73923A5E65B3}"
EndProject
Project("{8BC9CEB8-8B4A-11D0-8D11-00A0C91BC942}") = "DllTester", "DllTester\DllTester.vcxproj", "{48DC7BC3-12B2-469B-A085-FD5D0F85A73A}"
EndProject
Project("{8BC9CEB8-8B4A-11D0-8D11-00A0C91BC942}") = "Test_DBS", "Test_DBS\Test_DBS.vcxproj", "{1970F8FD-9B12-461A-8AFC-DC4FF9BE338F}"
EndProject
Project("{8BC9CEB8-8B4A-11D0-8D11-00A0C91BC942}") = "AlphaRouter", "AlphaRouter\AlphaRouter.vcxproj", "{596AC76B-924A-46E0-A970-B85AD4FA30C0}"
EndProject
Project("{8BC9CEB8-8B4A-11D0-8D11-00A0C91BC942}") = "RouterClient", "RouterClient\RouterClient.vcxproj", "{6A065B4D-39E7-473B-98C1-67800B757D90}"
EndProject
Global
	GlobalSection(SolutionConfigurationPlatforms) = preSolution
		Debug|x64 = Debug|x64
		Debug|x86 = Debug|x86
		Release|x64 = Release|x64
		Release|x86 = Release|x86
	EndGlobalSection
	GlobalSection(ProjectConfigurationPlatforms) = postSolution
		{01FE1C51-B868-450F-9ED3-D44730CDC634}.Debug|x64.ActiveCfg = Debug|x64
		{01FE1C51-B868-450F-9ED3-D44730CDC634}.Debug|x64.Build.0 = Debug|x64
		{01FE1C51-B868-450F-9ED3-D44730CDC634}.Debug|x86.ActiveCfg = Debug|Win32
		{01FE1C51-B868-450F-9ED3-D44730CDC634}.Debug|x86.Build.0 = Debug|Win32
		{01FE1C51-B868-450F-9ED3-D44730CDC634}.Release|x64.ActiveCfg = Release|x64
		{01FE1C51-B868-450F-9ED3-D44730CDC634}.Release|x64.Build.0 = Release|x64
		{01FE1C51-B868-450F-9ED3-D44730CDC634}.Release|x86.ActiveCfg = Release|Win32
		{01FE1C51-B868-450F-9ED3-D44730CDC634}.Release|x86.Build.0 = Release|Win32
		{8669554E-2C2C-4F59-A866-0C6495F04835}.Debug|x64.ActiveCfg = Debug|x64
		{8669554E-2C2C-4F59-A866-0C6495F04835}.Debug|x64.Build.0 = Debug|x64
		{8669554E-2C2C-4F59-A866-0C6495F04835}.Debug|x86.ActiveCfg = Debug|Win32
		{8669554E-2C2C-4F59-A866-0C6495F04835}.Debug|x86.Build.0 = Debug|Win32
		{8669554E-2C2C-4F59-A866-0C6495F04835}.Release|x64.ActiveCfg = Release|x64
		{8669554E-2C2C-4F59-A866-0C6495F04835}.Release|x64.Build.0 = Release|x64
		{8669554E-2C2C-4F59-A866-0C6495F04835}.Release|x86.ActiveCfg = Release|Win32
		{8669554E-2C2C-4F59-A866-0C6495F04835}.Release|x86.Build.0 = Release|Win32
		{A8B7A0CE-B06F-48B9-ABE7-D3317438D3A8}.Debug|x64.ActiveCfg = Debug|x64
		{A8B7A0CE-B06F-48B9-ABE7-D3317438D3A8}.Debug|x64.Build.0 = Debug|x64
		{A8B7A0CE-B06F-48B9-ABE7-D3317438D3A8}.Debug|x86.ActiveCfg = Debug|Win32
		{A8B7A0CE-B06F-48B9-ABE7-D3317438D3A8}.Debug|x86.Build.0 = Debug|Win32
		{A8B7A0CE-B06F-48B9-ABE7-D3317438D3A8}.Release|x64.ActiveCfg = Release|x64
		{A8B7A0CE-B06F-48B9-ABE7-D3317438D3A8}.Release|x64.Build.0 = Release|x64
		{A8B7A0CE-B06F-48B9-ABE7-D3317438D3A8}.Release|x86.ActiveCfg = Release|Win32
		{A8B7A0CE-B06F-48B9-ABE7-D3317438D3A8}.Release|x86.Build.0 = Release|Win32
		{F3E1E7D0-63C5-44C5-8C40-96791838DACA}.Debug|x64.ActiveCfg = Debug|x64
		{F3E1E7D0-63C5-44C5-8C40-96791838DACA}.Debug|x64.Build.0 = Debug|x64
		{F3E1E7D0-63C5-44C5-8C40-96791838DACA}.Debug|x86.ActiveCfg = Debug|Win32
		{F3E1E7D0-63C5-44C5-8C40-96791838DACA}.Debug|x86.Build.0 = Debug|Win32
		{F3E1E7D0-63C5-44C5-8C40-96791838DACA}.Release|x64.ActiveCfg = Release|x64
		{F3E1E7D0-63C5-44C5-8C40-96791838DACA}.Release|x64.Build.0 = Release|x64
		{F3E1E7D0-63C5-44C5-8C40-96791838DACA}.Release|x86.ActiveCfg = Release|Win32
		{F3E1E7D0-63C5-44C5-8C40-96791838DACA}.Release|x86.Build.0 = Release|Win32
		{394A0F9F-7D34-4CC0-A50D-B293A190B1BB}.Debug|x64.ActiveCfg = Debug|x64
		{394A0F9F-7D34-4CC0-A50D-B293A190B1BB}.Debug|x64.Build.0 = Debug|x64
		{394A0F9F-7D34-4CC0-A50D-B293A190B1BB}.Debug|x86.ActiveCfg = Debug|Win32
		{394A0F9F-7D34-4CC0-A50D-B293A190B1BB}.Debug|x86.Build.0 = Debug|Win32
		{394A0F9F-7D34-4CC0-A50D-B293A190B1BB}.Release|x64.ActiveCfg = Release|x64
		{394A0F9F-7D34-4CC0-A50D-B293A190B1BB}.Release|x64.Build.0 = Release|x64
		{394A0F9F-7D34-4CC0-A50D-B293A190B1BB}.Release|x86.ActiveCfg = Release|Win32
		{394A0F9F-7D34-4CC0-A50D-B293A190B1BB}.Release|x86.Build.0 = Release|Win32
		{D667DAA7-BACB-444F-BEE2-FF2D5DDB5BD0}.Debug|x64.ActiveCfg = Debug|x64
		{D667DAA7-BACB-444F-BEE2-FF2D5DDB5BD0}.Debug|x64.Build.0 = Debug|x64
		{D667DAA7-BACB-444F-BEE2-FF2D5DDB5BD0}.Debug|x86.ActiveCfg = Debug|Win32
		{D667DAA7-BACB-444F-BEE2-FF2D5DDB5BD0}.Debug|x86.Build.0 = Debug|Win32
		{D667DAA7-BACB-444F-BEE2-FF2D5DDB5BD0}.Release|x64.ActiveCfg = Release|x64
		{D667DAA7-BACB-444F-BEE2-FF2D5DDB5BD0}.Release|x64.Build.0 = Release|x64
		{D667DAA7-BACB-444F-BEE2-FF2D5DDB5BD0}.Release|x86.ActiveCfg = Release|Win32
		{D667DAA7-BACB-444F-BEE2-FF2D5DDB5BD0}.Release|x86.Build.0 = Release|Win32
		{942A3269-8E69-44C8-8348-77D4BE3B8B5A}.Debug|x64.ActiveCfg = Debug|x64
		{942A3269-8E69-44C8-8348-77D4BE3B8B5A}.Debug|x64.Build.0 = Debug|x64
		{942A3269-8E69-44C8-8348-77D4BE3B8B5A}.Debug|x86.ActiveCfg = Debug|Win32
		{942A3269-8E69-44C8-8348-77D4BE3B8B5A}.Debug|x86.Build.0 = Debug|Win32
		{942A3269-8E69-44C8-8348-77D4BE3B8B5A}.Release|x64.ActiveCfg = Release|x64
		{942A3269-8E69-44C8-8348-77D4BE3B8B5A}.Release|x64.Build.0 = Release|x64
		{942A3269-8E69-44C8-8348-77D4BE3B8B5A}.Release|x86.ActiveCfg = Release|Win32
		{942A3269-8E69-44C8-8348-77D4BE3B8B5A}.Release|x86.Build.0 = Release|Win32
		{1103B1E7-81AB-4F5C-993C-73923A5E65B3}.Debug|x64.ActiveCfg = Debug|x64
		{1103B1E7-81AB-4F5C-993C-73923A5E65B3}.Debug|x64.Build.0 = Debug|x64
		{1103B1E7-81AB-4F5C-993C-73923A5E65B3}.Debug|x86.ActiveCfg = Debug|Win32
		{1103B1E7-81AB-4F5C-993C-73923A5E65B3}.Debug|x86.Build.0 = Debug|Win32
		{1103B1E7-81AB-4F5C-993C-73923A5E65B3}.Release|x64.ActiveCfg = Release|x64
		{1103B1E7-81AB-4F5C-993C-73923A5E65B3}.Release|x64.Build.0 = Release|x64
		{1103B1E7-81AB-4F5C-993C-73923A5E65B3}.Release|x86.ActiveCfg = Release|Win32
		{1103B1E7-81AB-4F5C-993C-73923A5E65B3}.Release|x86.Build.0 = Release|Win32
		{48DC7BC3-12B2-469B-A085-FD5D0F85A73A}.Debug|x64.ActiveCfg = Debug|x64
		{48DC7BC3-12B2-469B-A085-FD5D0F85A73A}.Debug|x64.Build.0 = Debug|x64
		{48DC7BC3-12B2-469B-A085-FD5D0F85A73A}.Debug|x86.ActiveCfg = Debug|Win32
		{48DC7BC3-12B2-469B-A085-FD5D0F85A73A}.Debug|x86.Build.0 = Debug|Win32
		{48DC7BC3-12B2-469B-A085-FD5D0F85A73A}.Release|x64.ActiveCfg = Release|x64
		{48DC7BC3-12B2-469B-A085-FD5D0F85A73A}.Release|x64.Build.0 = Release|x64
		{48DC7BC3-12B2-469B-A085-FD5D0F85A73A}.Release|x86.ActiveCfg = Release|Win32
		{48DC7BC3-12B2-469B-A085-FD5D0F85A73A}.Release|x86.Build.0 = Release|Win32
		{1970F8FD-9B12-461A-8AFC-DC4FF9BE338F}.Debug|x64.ActiveCfg = Debug|x64
		{1970F8FD-9B12-461A-8AFC-DC4FF9BE338F}.Debug|x64.Build.0 = Debug|x64
		{1970F8FD-9B12-461A-8AFC-DC4FF9BE338F}.Debug|x86.ActiveCfg = Debug|Win32
		{1970F8FD-9B12-461A-8AFC-DC4FF9BE338F}.Debug|x86.Build.0 = Debug|Win32
		{1970F8FD-9B12-461A-8AFC-DC4FF9BE338F}.Release|x64.ActiveCfg = Release|x64
		{1970F8FD-9B12-461A-8AFC-DC4FF9BE338F}.Release|x64.Build.0 = Release|x64
		{1970F8FD-9B12-461A-8AFC-DC4FF9BE338F}.Release|x86.ActiveCfg = Release|Win32
		{1970F8FD-9B12-461A-8AFC-DC4FF9BE338F}.Release|x86.Build.0 = Release|Win32
		{596AC76B-924A-46E0-A970-B85AD4FA30C0}.Debug|x64.ActiveCfg = Debug|x64
		{596AC76B-924A-46E0-A970-B85AD4FA30C0}.Debug|x64.Build.0 = Debug|x64
		{596AC76B-924A-46E0-A970-B85AD4FA30C0}.Debug|x86.ActiveCfg = Debug|Win32
		{596AC76B-924A-46E0-A970-B85AD4FA30C0}.Debug|x86.Build.0 = Debug|Win32
		{596AC76B-924A-46E0-A970-B85AD4FA30C0}.Release|x64.ActiveCfg = Release|x64
		{596AC76B-924A-46E0-A970-B85AD4FA30C0}.Release|x64.Build.0 = Release|x64
		{596AC76B-924A-46E0-A970-B85AD4FA30C0}.Release|x86.ActiveCfg = Release|Win32
		{596AC76B-924A-46E0-A970-B85AD4FA30C0}.Release|x86.Build.0 = Release|Win32
		{6A065B4D-39E7-473B-98C1-67800B757D90}.Debug|x64.ActiveCfg = Debug|x64
		{6A065B4D-39E7-473B-98C1-67800B757D90}.Debug|x64.Build.0 = Debug|x64
		{6A065B4D-39E7-473B-98C1-67800B757D90}.Debug|x86.ActiveCfg = Debug|Win32
		{6A065B4D-39E7-473B-98C1-67800B757D90}.Debug|x86.Build.0 = Debug|Win32
		{6A065B4D-39E7-473B-98C1-67800B757D90}.Release|x64.ActiveCfg = Release|x64
		{6A065B4D-39E7-473B-98C1-67800B757D90}.Release|x64.Build.0 = Release|x64
		{6A065B4D-39E7-473B-98C1-67800B757D90}.Release|x86.ActiveCfg = Release|Win32
		{6A065B4D-39E7-473B-98C1-67800B757D90}.Release|x86.Build.0 = Release|Win32
	EndGlobalSection
	GlobalSection(SolutionProperties) = preSolution
		HideSolutionNode = FALSE
	EndGlobalSection
	GlobalSection(ExtensibilityGlobals) = postSolution
		SolutionGuid = {515695E4-1C48-4802-A6B8-C36AB5BD8640}
	EndGlobalSection
EndGlobal
