<?xml version="1.0" encoding="utf-8"?>
<Project ToolsVersion="4.0" xmlns="http://schemas.microsoft.com/developer/msbuild/2003">
  <ItemGroup>
    <ClCompile Include="dllmain.cpp" />
    <ClCompile Include="OrdManager.cpp" />
    <ClCompile Include="AlphaOMSInterface.cpp" />
    <ClCompile Include="..\Common\AlphaInc.cpp">
      <Filter>Common</Filter>
    </ClCompile>
    <ClCompile Include="..\Common\AlphaProtocolUni.cpp">
      <Filter>Common</Filter>
    </ClCompile>
    <ClCompile Include="..\Common\IRUM_Common.cpp">
      <Filter>Common</Filter>
    </ClCompile>
    <ClCompile Include="..\Common\Log.cpp">
      <Filter>Common</Filter>
    </ClCompile>
    <ClCompile Include="..\Common\Util.cpp">
      <Filter>Common</Filter>
    </ClCompile>
  </ItemGroup>
  <ItemGroup>
    <ClInclude Include="OrdManager.h" />
    <ClInclude Include="AlphaOMSInterface.h" />
    <ClInclude Include="..\Common\AlphaInc.h">
      <Filter>Common</Filter>
    </ClInclude>
    <ClInclude Include="..\Common\AlphaProtocolUni.h">
      <Filter>Common</Filter>
    </ClInclude>
    <ClInclude Include="..\Common\IRUM_Common.h">
      <Filter>Common</Filter>
    </ClInclude>
    <ClInclude Include="..\Common\Log.h">
      <Filter>Common</Filter>
    </ClInclude>
    <ClInclude Include="..\Common\Util.h">
      <Filter>Common</Filter>
    </ClInclude>
  </ItemGroup>
  <ItemGroup>
    <Text Include="ReadMe.txt" />
  </ItemGroup>
  <ItemGroup>
    <Filter Include="Common">
      <UniqueIdentifier>{268dc7de-c118-4a69-a01d-dd4376516088}</UniqueIdentifier>
    </Filter>
  </ItemGroup>
</Project>