<?xml version="1.0" encoding="utf-8"?>
<Project ToolsVersion="4.0" xmlns="http://schemas.microsoft.com/developer/msbuild/2003">
  <ItemGroup>
    <Filter Include="Source Files">
      <UniqueIdentifier>{1a1b4219-7590-4f14-85f0-fe8a234e620e}</UniqueIdentifier>
      <Extensions>cpp;c;cxx;rc;def;r;odl;idl;hpj;bat</Extensions>
    </Filter>
    <Filter Include="Header Files">
      <UniqueIdentifier>{4040fbe6-036e-4785-9900-594363e832e4}</UniqueIdentifier>
      <Extensions>h;hpp;hxx;hm;inl</Extensions>
    </Filter>
    <Filter Include="Resource Files">
      <UniqueIdentifier>{3383aa04-3ba6-4b19-8b7e-4aa72b140b36}</UniqueIdentifier>
      <Extensions>ico;cur;bmp;dlg;rc2;rct;bin;rgs;gif;jpg;jpeg;jpe</Extensions>
    </Filter>
    <Filter Include="Login">
      <UniqueIdentifier>{8861ad7b-c441-4d9c-a034-7000be8538f1}</UniqueIdentifier>
    </Filter>
    <Filter Include="LIST">
      <UniqueIdentifier>{d3a7c5e8-4400-49b0-9558-b90a5f43e50f}</UniqueIdentifier>
    </Filter>
    <Filter Include="Common">
      <UniqueIdentifier>{010b794f-ae65-4067-9826-9643ab7a8940}</UniqueIdentifier>
    </Filter>
    <Filter Include="_시세처리">
      <UniqueIdentifier>{e00a5329-bed2-422c-87ee-bb047d80be3f}</UniqueIdentifier>
    </Filter>
  </ItemGroup>
  <ItemGroup>
    <ClCompile Include="ChildFrm.cpp">
      <Filter>Source Files</Filter>
    </ClCompile>
    <ClCompile Include="ChildView.cpp">
      <Filter>Source Files</Filter>
    </ClCompile>
    <ClCompile Include="DlgTRBar.cpp">
      <Filter>Source Files</Filter>
    </ClCompile>
    <ClCompile Include="MainFrm.cpp">
      <Filter>Source Files</Filter>
    </ClCompile>
    <ClCompile Include="scbarg.cpp">
      <Filter>Source Files</Filter>
    </ClCompile>
    <ClCompile Include="sizecbar.cpp">
      <Filter>Source Files</Filter>
    </ClCompile>
    <ClCompile Include="StdAfx.cpp">
      <Filter>Source Files</Filter>
    </ClCompile>
    <ClCompile Include="TRBar.cpp">
      <Filter>Source Files</Filter>
    </ClCompile>
    <ClCompile Include="XingAPI_Sample.cpp">
      <Filter>Source Files</Filter>
    </ClCompile>
    <ClCompile Include="DlgLogin.cpp">
      <Filter>Login</Filter>
    </ClCompile>
    <ClCompile Include="Dlg_FC0.cpp">
      <Filter>_시세처리</Filter>
    </ClCompile>
    <ClCompile Include="ListenNPublish.cpp">
      <Filter>_시세처리</Filter>
    </ClCompile>
    <ClCompile Include="..\..\CommonAnsi\IRUM_Common.cpp">
      <Filter>Common</Filter>
    </ClCompile>
    <ClCompile Include="..\..\CommonAnsi\LogMsg.cpp">
      <Filter>Common</Filter>
    </ClCompile>
    <ClCompile Include="..\..\CommonAnsi\Util.cpp">
      <Filter>Common</Filter>
    </ClCompile>
    <ClCompile Include="..\..\CommonAnsi\MemPool.cpp">
      <Filter>Common</Filter>
    </ClCompile>
    <ClCompile Include="..\..\CommonAnsi\TcpClient.cpp">
      <Filter>Common</Filter>
    </ClCompile>
    <ClCompile Include="..\..\CommonAnsi\TimeUtils.cpp">
      <Filter>Common</Filter>
    </ClCompile>
    <ClCompile Include="..\..\CommonAnsi\IRExcept.cpp">
      <Filter>Common</Filter>
    </ClCompile>
    <ClCompile Include="..\..\CommonAnsi\PktHandler.cpp">
      <Filter>Common</Filter>
    </ClCompile>
  </ItemGroup>
  <ItemGroup>
    <ResourceCompile Include="XingAPI_Sample.rc">
      <Filter>Source Files</Filter>
    </ResourceCompile>
  </ItemGroup>
  <ItemGroup>
    <ClInclude Include="ChildFrm.h">
      <Filter>Header Files</Filter>
    </ClInclude>
    <ClInclude Include="ChildView.h">
      <Filter>Header Files</Filter>
    </ClInclude>
    <ClInclude Include="DlgTRBar.h">
      <Filter>Header Files</Filter>
    </ClInclude>
    <ClInclude Include="IXingAPI.h">
      <Filter>Header Files</Filter>
    </ClInclude>
    <ClInclude Include="MainFrm.h">
      <Filter>Header Files</Filter>
    </ClInclude>
    <ClInclude Include="Resource.h">
      <Filter>Header Files</Filter>
    </ClInclude>
    <ClInclude Include="scbarg.h">
      <Filter>Header Files</Filter>
    </ClInclude>
    <ClInclude Include="sizecbar.h">
      <Filter>Header Files</Filter>
    </ClInclude>
    <ClInclude Include="StdAfx.h">
      <Filter>Header Files</Filter>
    </ClInclude>
    <ClInclude Include="TRBar.h">
      <Filter>Header Files</Filter>
    </ClInclude>
    <ClInclude Include="XingAPI_Sample.h">
      <Filter>Header Files</Filter>
    </ClInclude>
    <ClInclude Include="DlgLogin.h">
      <Filter>Login</Filter>
    </ClInclude>
    <ClInclude Include="Dlg_FC0.h">
      <Filter>_시세처리</Filter>
    </ClInclude>
    <ClInclude Include="FC0.h">
      <Filter>_시세처리</Filter>
    </ClInclude>
    <ClInclude Include="NC0.h">
      <Filter>_시세처리</Filter>
    </ClInclude>
    <ClInclude Include="OVC.h">
      <Filter>_시세처리</Filter>
    </ClInclude>
    <ClInclude Include="ListenNPublish.h">
      <Filter>_시세처리</Filter>
    </ClInclude>
    <ClInclude Include="..\..\Common\XAlpha_Common.h">
      <Filter>Common</Filter>
    </ClInclude>
    <ClInclude Include="..\..\CommonAnsi\IRUM_Common.h">
      <Filter>Common</Filter>
    </ClInclude>
    <ClInclude Include="..\..\CommonAnsi\LogMsg.h">
      <Filter>Common</Filter>
    </ClInclude>
    <ClInclude Include="..\..\CommonAnsi\Util.h">
      <Filter>Common</Filter>
    </ClInclude>
    <ClInclude Include="..\..\CommonAnsi\MemPool.h">
      <Filter>Common</Filter>
    </ClInclude>
    <ClInclude Include="..\..\CommonAnsi\TcpClient.h">
      <Filter>Common</Filter>
    </ClInclude>
    <ClInclude Include="..\..\CommonAnsi\TimeUtils.h">
      <Filter>Common</Filter>
    </ClInclude>
    <ClInclude Include="..\..\CommonAnsi\IRExcept.h">
      <Filter>Common</Filter>
    </ClInclude>
    <ClInclude Include="..\..\CommonAnsi\PktHandler.h">
      <Filter>Common</Filter>
    </ClInclude>
  </ItemGroup>
  <ItemGroup>
    <Image Include="res\XingAPI_Sample.ico">
      <Filter>Resource Files</Filter>
    </Image>
  </ItemGroup>
  <ItemGroup>
    <Text Include="trlist.txt">
      <Filter>LIST</Filter>
    </Text>
    <Text Include="ReadMe.txt" />
  </ItemGroup>
  <ItemGroup>
    <CustomBuild Include="res\cursor1.cur">
      <Filter>Resource Files</Filter>
    </CustomBuild>
    <CustomBuild Include="res\XingAPI_Sample.rc2">
      <Filter>Resource Files</Filter>
    </CustomBuild>
  </ItemGroup>
  <ItemGroup>
    <None Include="XAlphaEBest.ini" />
  </ItemGroup>
</Project>